{
  "name": "banyouyou",
  "version": "1.0.0",
  "lockfileVersion": 1,
  "requires": true,
  "dependencies": {
    "mobx-wxapp": {
      "version": "2.2.1",
      "resolved": "https://registry.npmjs.org/mobx-wxapp/-/mobx-wxapp-2.2.1.tgz",
      "integrity": "sha512-R8Q5icH409DynlOvynZIQO6oC16l6TKRPR72wy0d5dy8sNPV+MF7YnIW4i5w+v87GJWBJ2w26pvDA4gTLkPH2Q=="
    },
    "vant-weapp": {
      "version": "0.5.23",
      "resolved": "http://r.tnpm.oa.com/vant-weapp/download/vant-weapp-0.5.23.tgz",
      "integrity": "sha1-49zxYuFfdOZjeptviOMkrPELUVU="
    },
    "wxa-plugin-canvas": {
      "version": "1.1.11",
      "resolved": "http://r.tnpm.oa.com/wxa-plugin-canvas/download/wxa-plugin-canvas-1.1.11.tgz",
      "integrity": "sha1-7GtyGa6DQRZ0omuJGMJ256iKgZA="
    }
  }
}
