{
  "name": "banyouyou",
  "version": "1.0.0",
  "lockfileVersion": 1,
  "requires": true,
  "dependencies": {
    "@vant/weapp": {
      "version": "1.1.0",
      "resolved": "https://registry.npmjs.org/@vant/weapp/-/weapp-1.1.0.tgz",
      "integrity": "sha512-OfYxGo96Ui9a5YfTBtTY3+Ox0PHpzQ+BprvcT0Rbe9rhiaiunIEcmo+cZ1280ES74Y9dnsGf10IjnX5D8Z6sww=="
    },
    "mobx": {
      "version": "4.15.1",
      "resolved": "https://registry.npmjs.org/mobx/-/mobx-4.15.1.tgz",
      "integrity": "sha512-WVRLD/OmEM0fLVPDfdNih4kY+a/ZuP//eK92yqH7uRb2e6H998qf8QqHn90LDc0aXsjcJnqHJ81oVZ+e18jskA=="
    },
    "mobx-wxapp": {
      "version": "2.2.1",
      "resolved": "https://registry.npmjs.org/mobx-wxapp/-/mobx-wxapp-2.2.1.tgz",
      "integrity": "sha512-R8Q5icH409DynlOvynZIQO6oC16l6TKRPR72wy0d5dy8sNPV+MF7YnIW4i5w+v87GJWBJ2w26pvDA4gTLkPH2Q=="
    },
    "wxa-plugin-canvas": {
      "version": "1.1.11",
      "resolved": "http://r.tnpm.oa.com/wxa-plugin-canvas/download/wxa-plugin-canvas-1.1.11.tgz",
      "integrity": "sha1-7GtyGa6DQRZ0omuJGMJ256iKgZA="
    }
  }
}
